
Microsoft Visual Studio Solution File, Format Version 12.00
# Visual Studio 15
VisualStudioVersion = 15.0.28307.102
MinimumVisualStudioVersion = 10.0.40219.1
Project("{FAE04EC0-301F-11D3-BF4B-00C04F79EFBC}") = "GameOfCoins", "GameOfCoins\GameOfCoins.csproj", "{ADBA86DF-FBC5-458D-8D87-35EE82A47E35}"
EndProject
Global
	GlobalSection(SolutionConfigurationPlatforms) = preSolution
		Debug|Any CPU = Debug|Any CPU
		Release|Any CPU = Release|Any CPU
	EndGlobalSection
	GlobalSection(ProjectConfigurationPlatforms) = postSolution
		{ADBA86DF-FBC5-458D-8D87-35EE82A47E35}.Debug|Any CPU.ActiveCfg = Debug|Any CPU
		{ADBA86DF-FBC5-458D-8D87-35EE82A47E35}.Debug|Any CPU.Build.0 = Debug|Any CPU
		{ADBA86DF-FBC5-458D-8D87-35EE82A47E35}.Release|Any CPU.ActiveCfg = Release|Any CPU
		{ADBA86DF-FBC5-458D-8D87-35EE82A47E35}.Release|Any CPU.Build.0 = Release|Any CPU
	EndGlobalSection
	GlobalSection(SolutionProperties) = preSolution
		HideSolutionNode = FALSE
	EndGlobalSection
	GlobalSection(ExtensibilityGlobals) = postSolution
		SolutionGuid = {77567CB1-08DF-482E-A163-9FA1692E4ACD}
	EndGlobalSection
EndGlobal
